// !$*UTF8*$!
{
	archiveVersion = 1;
	classes = {
	};
	objectVersion = 50;
	objects = {

/* Begin PBXBuildFile section */
		1A2779A020D3A9730010188C /* AppDelegate.swift in Sources */ = {isa = PBXBuildFile; fileRef = 1A27799F20D3A9730010188C /* AppDelegate.swift */; };
		1A2779A220D3A9730010188C /* TodoViewController.swift in Sources */ = {isa = PBXBuildFile; fileRef = 1A2779A120D3A9730010188C /* TodoViewController.swift */; };
		1A2779A420D3A9730010188C /* HistoryViewController.swift in Sources */ = {isa = PBXBuildFile; fileRef = 1A2779A320D3A9730010188C /* HistoryViewController.swift */; };
		1A2779A720D3A9730010188C /* Main.storyboard in Resources */ = {isa = PBXBuildFile; fileRef = 1A2779A520D3A9730010188C /* Main.storyboard */; };
		1A2779A920D3A9750010188C /* Assets.xcassets in Resources */ = {isa = PBXBuildFile; fileRef = 1A2779A820D3A9750010188C /* Assets.xcassets */; };
		1A2779AC20D3A9750010188C /* LaunchScreen.storyboard in Resources */ = {isa = PBXBuildFile; fileRef = 1A2779AA20D3A9750010188C /* LaunchScreen.storyboard */; };
		1A2EF08F20E615A200F447F4 /* EnumEnumerable.swift in Sources */ = {isa = PBXBuildFile; fileRef = 1A2EF08E20E615A100F447F4 /* EnumEnumerable.swift */; };
		1A4AF9E220EA11E200357632 /* TodoTabBarController.swift in Sources */ = {isa = PBXBuildFile; fileRef = 1A4AF9E120EA11E200357632 /* TodoTabBarController.swift */; };
		1A69604820E47FD400D6096A /* GoogleService-Info.plist in Resources */ = {isa = PBXBuildFile; fileRef = 1A69604720E47FD400D6096A /* GoogleService-Info.plist */; };
		1A69604A20E4EE1F00D6096A /* CloudStore.swift in Sources */ = {isa = PBXBuildFile; fileRef = 1A69604920E4EE1F00D6096A /* CloudStore.swift */; };
		1A69604C20E4F2C600D6096A /* TodoCloudController.swift in Sources */ = {isa = PBXBuildFile; fileRef = 1A69604B20E4F2C600D6096A /* TodoCloudController.swift */; };
		1AC0781920EC5D3700D814A2 /* TodoAddingCell.swift in Sources */ = {isa = PBXBuildFile; fileRef = 1AC0781820EC5D3700D814A2 /* TodoAddingCell.swift */; };
		1ACBA30A20D3B58A0024F845 /* TodoItem.swift in Sources */ = {isa = PBXBuildFile; fileRef = 1ACBA30920D3B58A0024F845 /* TodoItem.swift */; };
		1ACBA30E20D3B6C70024F845 /* HistoryItem.swift in Sources */ = {isa = PBXBuildFile; fileRef = 1ACBA30D20D3B6C70024F845 /* HistoryItem.swift */; };
		BB116C7B85D2C6C894CB6C4A /* Pods_Todo.framework in Frameworks */ = {isa = PBXBuildFile; fileRef = 10E7678628CD1E98DABA9E18 /* Pods_Todo.framework */; };
/* End PBXBuildFile section */

/* Begin PBXFileReference section */
		10E7678628CD1E98DABA9E18 /* Pods_Todo.framework */ = {isa = PBXFileReference; explicitFileType = wrapper.framework; includeInIndex = 0; path = Pods_Todo.framework; sourceTree = BUILT_PRODUCTS_DIR; };
		1A27799C20D3A9730010188C /* Todo.app */ = {isa = PBXFileReference; explicitFileType = wrapper.application; includeInIndex = 0; path = Todo.app; sourceTree = BUILT_PRODUCTS_DIR; };
		1A27799F20D3A9730010188C /* AppDelegate.swift */ = {isa = PBXFileReference; lastKnownFileType = sourcecode.swift; path = AppDelegate.swift; sourceTree = "<group>"; };
		1A2779A120D3A9730010188C /* TodoViewController.swift */ = {isa = PBXFileReference; lastKnownFileType = sourcecode.swift; path = TodoViewController.swift; sourceTree = "<group>"; };
		1A2779A320D3A9730010188C /* HistoryViewController.swift */ = {isa = PBXFileReference; lastKnownFileType = sourcecode.swift; path = HistoryViewController.swift; sourceTree = "<group>"; };
		1A2779A620D3A9730010188C /* Base */ = {isa = PBXFileReference; lastKnownFileType = file.storyboard; name = Base; path = Base.lproj/Main.storyboard; sourceTree = "<group>"; };
		1A2779A820D3A9750010188C /* Assets.xcassets */ = {isa = PBXFileReference; lastKnownFileType = folder.assetcatalog; path = Assets.xcassets; sourceTree = "<group>"; };
		1A2779AB20D3A9750010188C /* Base */ = {isa = PBXFileReference; lastKnownFileType = file.storyboard; name = Base; path = Base.lproj/LaunchScreen.storyboard; sourceTree = "<group>"; };
		1A2779AD20D3A9750010188C /* Info.plist */ = {isa = PBXFileReference; lastKnownFileType = text.plist.xml; path = Info.plist; sourceTree = "<group>"; };
		1A2EF08E20E615A100F447F4 /* EnumEnumerable.swift */ = {isa = PBXFileReference; fileEncoding = 4; lastKnownFileType = sourcecode.swift; path = EnumEnumerable.swift; sourceTree = "<group>"; };
		1A4AF9E120EA11E200357632 /* TodoTabBarController.swift */ = {isa = PBXFileReference; lastKnownFileType = sourcecode.swift; path = TodoTabBarController.swift; sourceTree = "<group>"; };
		1A69604720E47FD400D6096A /* GoogleService-Info.plist */ = {isa = PBXFileReference; fileEncoding = 4; lastKnownFileType = text.plist.xml; path = "GoogleService-Info.plist"; sourceTree = "<group>"; };
		1A69604920E4EE1F00D6096A /* CloudStore.swift */ = {isa = PBXFileReference; lastKnownFileType = sourcecode.swift; path = CloudStore.swift; sourceTree = "<group>"; };
		1A69604B20E4F2C600D6096A /* TodoCloudController.swift */ = {isa = PBXFileReference; lastKnownFileType = sourcecode.swift; path = TodoCloudController.swift; sourceTree = "<group>"; };
		1AC0781820EC5D3700D814A2 /* TodoAddingCell.swift */ = {isa = PBXFileReference; lastKnownFileType = sourcecode.swift; path = TodoAddingCell.swift; sourceTree = "<group>"; };
		1ACBA30920D3B58A0024F845 /* TodoItem.swift */ = {isa = PBXFileReference; lastKnownFileType = sourcecode.swift; path = TodoItem.swift; sourceTree = "<group>"; };
		1ACBA30D20D3B6C70024F845 /* HistoryItem.swift */ = {isa = PBXFileReference; lastKnownFileType = sourcecode.swift; path = HistoryItem.swift; sourceTree = "<group>"; };
		727B60939C6F0DB793D08D5F /* Pods-Todo.debug.xcconfig */ = {isa = PBXFileReference; includeInIndex = 1; lastKnownFileType = text.xcconfig; name = "Pods-Todo.debug.xcconfig"; path = "Pods/Target Support Files/Pods-Todo/Pods-Todo.debug.xcconfig"; sourceTree = "<group>"; };
		A7327BE069B4760C5107EF6A /* Pods-Todo.release.xcconfig */ = {isa = PBXFileReference; includeInIndex = 1; lastKnownFileType = text.xcconfig; name = "Pods-Todo.release.xcconfig"; path = "Pods/Target Support Files/Pods-Todo/Pods-Todo.release.xcconfig"; sourceTree = "<group>"; };
/* End PBXFileReference section */

/* Begin PBXFrameworksBuildPhase section */
		1A27799920D3A9730010188C /* Frameworks */ = {
			isa = PBXFrameworksBuildPhase;
			buildActionMask = 2147483647;
			files = (
				BB116C7B85D2C6C894CB6C4A /* Pods_Todo.framework in Frameworks */,
			);
			runOnlyForDeploymentPostprocessing = 0;
		};
/* End PBXFrameworksBuildPhase section */

/* Begin PBXGroup section */
		084509E13C4EB5CC20CB5C10 /* Pods */ = {
			isa = PBXGroup;
			children = (
				727B60939C6F0DB793D08D5F /* Pods-Todo.debug.xcconfig */,
				A7327BE069B4760C5107EF6A /* Pods-Todo.release.xcconfig */,
			);
			name = Pods;
			sourceTree = "<group>";
		};
		1A27799320D3A9730010188C = {
			isa = PBXGroup;
			children = (
				1A27799E20D3A9730010188C /* Todo */,
				1A27799D20D3A9730010188C /* Products */,
				084509E13C4EB5CC20CB5C10 /* Pods */,
				8C709DAEF4D09A712B23A25D /* Frameworks */,
			);
			sourceTree = "<group>";
		};
		1A27799D20D3A9730010188C /* Products */ = {
			isa = PBXGroup;
			children = (
				1A27799C20D3A9730010188C /* Todo.app */,
			);
			name = Products;
			sourceTree = "<group>";
		};
		1A27799E20D3A9730010188C /* Todo */ = {
			isa = PBXGroup;
			children = (
				1A69604720E47FD400D6096A /* GoogleService-Info.plist */,
				1A27799F20D3A9730010188C /* AppDelegate.swift */,
				1AAFE66520DA13DB000292BF /* ViewController */,
				1AAFE66620DA13E2000292BF /* Controller */,
				1AAFE66720DA1401000292BF /* Model */,
				1AAFE66820DA141A000292BF /* Helper */,
				1A2779A520D3A9730010188C /* Main.storyboard */,
				1A2779A820D3A9750010188C /* Assets.xcassets */,
				1A2779AA20D3A9750010188C /* LaunchScreen.storyboard */,
				1A2779AD20D3A9750010188C /* Info.plist */,
			);
			path = Todo;
			sourceTree = "<group>";
		};
		1AAFE66520DA13DB000292BF /* ViewController */ = {
			isa = PBXGroup;
			children = (
				1A2779A120D3A9730010188C /* TodoViewController.swift */,
				1AC0781820EC5D3700D814A2 /* TodoAddingCell.swift */,
				1A2779A320D3A9730010188C /* HistoryViewController.swift */,
				1A4AF9E120EA11E200357632 /* TodoTabBarController.swift */,
			);
			path = ViewController;
			sourceTree = "<group>";
		};
		1AAFE66620DA13E2000292BF /* Controller */ = {
			isa = PBXGroup;
			children = (
				1A69604B20E4F2C600D6096A /* TodoCloudController.swift */,
			);
			path = Controller;
			sourceTree = "<group>";
		};
		1AAFE66720DA1401000292BF /* Model */ = {
			isa = PBXGroup;
			children = (
				1ACBA30920D3B58A0024F845 /* TodoItem.swift */,
				1ACBA30D20D3B6C70024F845 /* HistoryItem.swift */,
			);
			path = Model;
			sourceTree = "<group>";
		};
		1AAFE66820DA141A000292BF /* Helper */ = {
			isa = PBXGroup;
			children = (
				1A69604920E4EE1F00D6096A /* CloudStore.swift */,
				1A2EF08E20E615A100F447F4 /* EnumEnumerable.swift */,
			);
			path = Helper;
			sourceTree = "<group>";
		};
		8C709DAEF4D09A712B23A25D /* Frameworks */ = {
			isa = PBXGroup;
			children = (
				10E7678628CD1E98DABA9E18 /* Pods_Todo.framework */,
			);
			name = Frameworks;
			sourceTree = "<group>";
		};
/* End PBXGroup section */

/* Begin PBXNativeTarget section */
		1A27799B20D3A9730010188C /* Todo */ = {
			isa = PBXNativeTarget;
			buildConfigurationList = 1A2779B020D3A9750010188C /* Build configuration list for PBXNativeTarget "Todo" */;
			buildPhases = (
				EC2E7C2304A60E83DC1E44B7 /* [CP] Check Pods Manifest.lock */,
				1A27799820D3A9730010188C /* Sources */,
				1A27799920D3A9730010188C /* Frameworks */,
				1A27799A20D3A9730010188C /* Resources */,
				FFB13E5319F9FBB2C027AED3 /* [CP] Embed Pods Frameworks */,
			);
			buildRules = (
			);
			dependencies = (
			);
			name = Todo;
			productName = Todo;
			productReference = 1A27799C20D3A9730010188C /* Todo.app */;
			productType = "com.apple.product-type.application";
		};
/* End PBXNativeTarget section */

/* Begin PBXProject section */
		1A27799420D3A9730010188C /* Project object */ = {
			isa = PBXProject;
			attributes = {
				LastSwiftUpdateCheck = 0940;
				LastUpgradeCheck = 0940;
				ORGANIZATIONNAME = "Yuki Yasoshima";
				TargetAttributes = {
					1A27799B20D3A9730010188C = {
						CreatedOnToolsVersion = 9.4;
						LastSwiftMigration = 1000;
					};
				};
			};
			buildConfigurationList = 1A27799720D3A9730010188C /* Build configuration list for PBXProject "Todo" */;
			compatibilityVersion = "Xcode 9.3";
			developmentRegion = en;
			hasScannedForEncodings = 0;
			knownRegions = (
				en,
				Base,
			);
			mainGroup = 1A27799320D3A9730010188C;
			productRefGroup = 1A27799D20D3A9730010188C /* Products */;
			projectDirPath = "";
			projectRoot = "";
			targets = (
				1A27799B20D3A9730010188C /* Todo */,
			);
		};
/* End PBXProject section */

/* Begin PBXResourcesBuildPhase section */
		1A27799A20D3A9730010188C /* Resources */ = {
			isa = PBXResourcesBuildPhase;
			buildActionMask = 2147483647;
			files = (
				1A2779AC20D3A9750010188C /* LaunchScreen.storyboard in Resources */,
				1A69604820E47FD400D6096A /* GoogleService-Info.plist in Resources */,
				1A2779A920D3A9750010188C /* Assets.xcassets in Resources */,
				1A2779A720D3A9730010188C /* Main.storyboard in Resources */,
			);
			runOnlyForDeploymentPostprocessing = 0;
		};
/* End PBXResourcesBuildPhase section */

/* Begin PBXShellScriptBuildPhase section */
		EC2E7C2304A60E83DC1E44B7 /* [CP] Check Pods Manifest.lock */ = {
			isa = PBXShellScriptBuildPhase;
			buildActionMask = 2147483647;
			files = (
			);
			inputPaths = (
				"${PODS_PODFILE_DIR_PATH}/Podfile.lock",
				"${PODS_ROOT}/Manifest.lock",
			);
			name = "[CP] Check Pods Manifest.lock";
			outputPaths = (
				"$(DERIVED_FILE_DIR)/Pods-Todo-checkManifestLockResult.txt",
			);
			runOnlyForDeploymentPostprocessing = 0;
			shellPath = /bin/sh;
			shellScript = "diff \"${PODS_PODFILE_DIR_PATH}/Podfile.lock\" \"${PODS_ROOT}/Manifest.lock\" > /dev/null\nif [ $? != 0 ] ; then\n    # print error to STDERR\n    echo \"error: The sandbox is not in sync with the Podfile.lock. Run 'pod install' or update your CocoaPods installation.\" >&2\n    exit 1\nfi\n# This output is used by Xcode 'outputs' to avoid re-running this script phase.\necho \"SUCCESS\" > \"${SCRIPT_OUTPUT_FILE_0}\"\n";
			showEnvVarsInLog = 0;
		};
		FFB13E5319F9FBB2C027AED3 /* [CP] Embed Pods Frameworks */ = {
			isa = PBXShellScriptBuildPhase;
			buildActionMask = 2147483647;
			files = (
			);
			inputPaths = (
				"${SRCROOT}/Pods/Target Support Files/Pods-Todo/Pods-Todo-frameworks.sh",
				"${BUILT_PRODUCTS_DIR}/BoringSSL/openssl.framework",
				"${BUILT_PRODUCTS_DIR}/Chaining/Chaining.framework",
				"${BUILT_PRODUCTS_DIR}/FlowGraph/FlowGraph.framework",
				"${BUILT_PRODUCTS_DIR}/GoogleUtilities/GoogleUtilities.framework",
				"${BUILT_PRODUCTS_DIR}/Protobuf/Protobuf.framework",
				"${BUILT_PRODUCTS_DIR}/gRPC/GRPCClient.framework",
				"${BUILT_PRODUCTS_DIR}/gRPC-Core/grpc.framework",
				"${BUILT_PRODUCTS_DIR}/gRPC-ProtoRPC/ProtoRPC.framework",
				"${BUILT_PRODUCTS_DIR}/gRPC-RxLibrary/RxLibrary.framework",
				"${BUILT_PRODUCTS_DIR}/leveldb-library/leveldb.framework",
				"${BUILT_PRODUCTS_DIR}/nanopb/nanopb.framework",
			);
			name = "[CP] Embed Pods Frameworks";
			outputPaths = (
				"${TARGET_BUILD_DIR}/${FRAMEWORKS_FOLDER_PATH}/openssl.framework",
				"${TARGET_BUILD_DIR}/${FRAMEWORKS_FOLDER_PATH}/Chaining.framework",
				"${TARGET_BUILD_DIR}/${FRAMEWORKS_FOLDER_PATH}/FlowGraph.framework",
				"${TARGET_BUILD_DIR}/${FRAMEWORKS_FOLDER_PATH}/GoogleUtilities.framework",
				"${TARGET_BUILD_DIR}/${FRAMEWORKS_FOLDER_PATH}/Protobuf.framework",
				"${TARGET_BUILD_DIR}/${FRAMEWORKS_FOLDER_PATH}/GRPCClient.framework",
				"${TARGET_BUILD_DIR}/${FRAMEWORKS_FOLDER_PATH}/grpc.framework",
				"${TARGET_BUILD_DIR}/${FRAMEWORKS_FOLDER_PATH}/ProtoRPC.framework",
				"${TARGET_BUILD_DIR}/${FRAMEWORKS_FOLDER_PATH}/RxLibrary.framework",
				"${TARGET_BUILD_DIR}/${FRAMEWORKS_FOLDER_PATH}/leveldb.framework",
				"${TARGET_BUILD_DIR}/${FRAMEWORKS_FOLDER_PATH}/nanopb.framework",
			);
			runOnlyForDeploymentPostprocessing = 0;
			shellPath = /bin/sh;
			shellScript = "\"${SRCROOT}/Pods/Target Support Files/Pods-Todo/Pods-Todo-frameworks.sh\"\n";
			showEnvVarsInLog = 0;
		};
/* End PBXShellScriptBuildPhase section */

/* Begin PBXSourcesBuildPhase section */
		1A27799820D3A9730010188C /* Sources */ = {
			isa = PBXSourcesBuildPhase;
			buildActionMask = 2147483647;
			files = (
				1A2779A420D3A9730010188C /* HistoryViewController.swift in Sources */,
				1A69604C20E4F2C600D6096A /* TodoCloudController.swift in Sources */,
				1A69604A20E4EE1F00D6096A /* CloudStore.swift in Sources */,
				1A4AF9E220EA11E200357632 /* TodoTabBarController.swift in Sources */,
				1A2779A020D3A9730010188C /* AppDelegate.swift in Sources */,
				1ACBA30A20D3B58A0024F845 /* TodoItem.swift in Sources */,
				1A2EF08F20E615A200F447F4 /* EnumEnumerable.swift in Sources */,
				1A2779A220D3A9730010188C /* TodoViewController.swift in Sources */,
				1AC0781920EC5D3700D814A2 /* TodoAddingCell.swift in Sources */,
				1ACBA30E20D3B6C70024F845 /* HistoryItem.swift in Sources */,
			);
			runOnlyForDeploymentPostprocessing = 0;
		};
/* End PBXSourcesBuildPhase section */

/* Begin PBXVariantGroup section */
		1A2779A520D3A9730010188C /* Main.storyboard */ = {
			isa = PBXVariantGroup;
			children = (
				1A2779A620D3A9730010188C /* Base */,
			);
			name = Main.storyboard;
			sourceTree = "<group>";
		};
		1A2779AA20D3A9750010188C /* LaunchScreen.storyboard */ = {
			isa = PBXVariantGroup;
			children = (
				1A2779AB20D3A9750010188C /* Base */,
			);
			name = LaunchScreen.storyboard;
			sourceTree = "<group>";
		};
/* End PBXVariantGroup section */

/* Begin XCBuildConfiguration section */
		1A2779AE20D3A9750010188C /* Debug */ = {
			isa = XCBuildConfiguration;
			buildSettings = {
				ALWAYS_SEARCH_USER_PATHS = NO;
				CLANG_ANALYZER_NONNULL = YES;
				CLANG_ANALYZER_NUMBER_OBJECT_CONVERSION = YES_AGGRESSIVE;
				CLANG_CXX_LANGUAGE_STANDARD = "gnu++14";
				CLANG_CXX_LIBRARY = "libc++";
				CLANG_ENABLE_MODULES = YES;
				CLANG_ENABLE_OBJC_ARC = YES;
				CLANG_ENABLE_OBJC_WEAK = YES;
				CLANG_WARN_BLOCK_CAPTURE_AUTORELEASING = YES;
				CLANG_WARN_BOOL_CONVERSION = YES;
				CLANG_WARN_COMMA = YES;
				CLANG_WARN_CONSTANT_CONVERSION = YES;
				CLANG_WARN_DEPRECATED_OBJC_IMPLEMENTATIONS = YES;
				CLANG_WARN_DIRECT_OBJC_ISA_USAGE = YES_ERROR;
				CLANG_WARN_DOCUMENTATION_COMMENTS = YES;
				CLANG_WARN_EMPTY_BODY = YES;
				CLANG_WARN_ENUM_CONVERSION = YES;
				CLANG_WARN_INFINITE_RECURSION = YES;
				CLANG_WARN_INT_CONVERSION = YES;
				CLANG_WARN_NON_LITERAL_NULL_CONVERSION = YES;
				CLANG_WARN_OBJC_IMPLICIT_RETAIN_SELF = YES;
				CLANG_WARN_OBJC_LITERAL_CONVERSION = YES;
				CLANG_WARN_OBJC_ROOT_CLASS = YES_ERROR;
				CLANG_WARN_RANGE_LOOP_ANALYSIS = YES;
				CLANG_WARN_STRICT_PROTOTYPES = YES;
				CLANG_WARN_SUSPICIOUS_MOVE = YES;
				CLANG_WARN_UNGUARDED_AVAILABILITY = YES_AGGRESSIVE;
				CLANG_WARN_UNREACHABLE_CODE = YES;
				CLANG_WARN__DUPLICATE_METHOD_MATCH = YES;
				CODE_SIGN_IDENTITY = "iPhone Developer";
				COPY_PHASE_STRIP = NO;
				DEBUG_INFORMATION_FORMAT = dwarf;
				ENABLE_STRICT_OBJC_MSGSEND = YES;
				ENABLE_TESTABILITY = YES;
				GCC_C_LANGUAGE_STANDARD = gnu11;
				GCC_DYNAMIC_NO_PIC = NO;
				GCC_NO_COMMON_BLOCKS = YES;
				GCC_OPTIMIZATION_LEVEL = 0;
				GCC_PREPROCESSOR_DEFINITIONS = (
					"DEBUG=1",
					"$(inherited)",
				);
				GCC_WARN_64_TO_32_BIT_CONVERSION = YES;
				GCC_WARN_ABOUT_RETURN_TYPE = YES_ERROR;
				GCC_WARN_UNDECLARED_SELECTOR = YES;
				GCC_WARN_UNINITIALIZED_AUTOS = YES_AGGRESSIVE;
				GCC_WARN_UNUSED_FUNCTION = YES;
				GCC_WARN_UNUSED_VARIABLE = YES;
				IPHONEOS_DEPLOYMENT_TARGET = 11.4;
				MTL_ENABLE_DEBUG_INFO = YES;
				ONLY_ACTIVE_ARCH = YES;
				SDKROOT = iphoneos;
				SWIFT_ACTIVE_COMPILATION_CONDITIONS = DEBUG;
				SWIFT_OPTIMIZATION_LEVEL = "-Onone";
			};
			name = Debug;
		};
		1A2779AF20D3A9750010188C /* Release */ = {
			isa = XCBuildConfiguration;
			buildSettings = {
				ALWAYS_SEARCH_USER_PATHS = NO;
				CLANG_ANALYZER_NONNULL = YES;
				CLANG_ANALYZER_NUMBER_OBJECT_CONVERSION = YES_AGGRESSIVE;
				CLANG_CXX_LANGUAGE_STANDARD = "gnu++14";
				CLANG_CXX_LIBRARY = "libc++";
				CLANG_ENABLE_MODULES = YES;
				CLANG_ENABLE_OBJC_ARC = YES;
				CLANG_ENABLE_OBJC_WEAK = YES;
				CLANG_WARN_BLOCK_CAPTURE_AUTORELEASING = YES;
				CLANG_WARN_BOOL_CONVERSION = YES;
				CLANG_WARN_COMMA = YES;
				CLANG_WARN_CONSTANT_CONVERSION = YES;
				CLANG_WARN_DEPRECATED_OBJC_IMPLEMENTATIONS = YES;
				CLANG_WARN_DIRECT_OBJC_ISA_USAGE = YES_ERROR;
				CLANG_WARN_DOCUMENTATION_COMMENTS = YES;
				CLANG_WARN_EMPTY_BODY = YES;
				CLANG_WARN_ENUM_CONVERSION = YES;
				CLANG_WARN_INFINITE_RECURSION = YES;
				CLANG_WARN_INT_CONVERSION = YES;
				CLANG_WARN_NON_LITERAL_NULL_CONVERSION = YES;
				CLANG_WARN_OBJC_IMPLICIT_RETAIN_SELF = YES;
				CLANG_WARN_OBJC_LITERAL_CONVERSION = YES;
				CLANG_WARN_OBJC_ROOT_CLASS = YES_ERROR;
				CLANG_WARN_RANGE_LOOP_ANALYSIS = YES;
				CLANG_WARN_STRICT_PROTOTYPES = YES;
				CLANG_WARN_SUSPICIOUS_MOVE = YES;
				CLANG_WARN_UNGUARDED_AVAILABILITY = YES_AGGRESSIVE;
				CLANG_WARN_UNREACHABLE_CODE = YES;
				CLANG_WARN__DUPLICATE_METHOD_MATCH = YES;
				CODE_SIGN_IDENTITY = "iPhone Developer";
				COPY_PHASE_STRIP = NO;
				DEBUG_INFORMATION_FORMAT = "dwarf-with-dsym";
				ENABLE_NS_ASSERTIONS = NO;
				ENABLE_STRICT_OBJC_MSGSEND = YES;
				GCC_C_LANGUAGE_STANDARD = gnu11;
				GCC_NO_COMMON_BLOCKS = YES;
				GCC_WARN_64_TO_32_BIT_CONVERSION = YES;
				GCC_WARN_ABOUT_RETURN_TYPE = YES_ERROR;
				GCC_WARN_UNDECLARED_SELECTOR = YES;
				GCC_WARN_UNINITIALIZED_AUTOS = YES_AGGRESSIVE;
				GCC_WARN_UNUSED_FUNCTION = YES;
				GCC_WARN_UNUSED_VARIABLE = YES;
				IPHONEOS_DEPLOYMENT_TARGET = 11.4;
				MTL_ENABLE_DEBUG_INFO = NO;
				SDKROOT = iphoneos;
				SWIFT_COMPILATION_MODE = wholemodule;
				SWIFT_OPTIMIZATION_LEVEL = "-O";
				VALIDATE_PRODUCT = YES;
			};
			name = Release;
		};
		1A2779B120D3A9750010188C /* Debug */ = {
			isa = XCBuildConfiguration;
			baseConfigurationReference = 727B60939C6F0DB793D08D5F /* Pods-Todo.debug.xcconfig */;
			buildSettings = {
				ASSETCATALOG_COMPILER_APPICON_NAME = AppIcon;
				CODE_SIGN_STYLE = Automatic;
				INFOPLIST_FILE = Todo/Info.plist;
				LD_RUNPATH_SEARCH_PATHS = (
					"$(inherited)",
					"@executable_path/Frameworks",
				);
				PRODUCT_BUNDLE_IDENTIFIER = "jp.objective-audio.Todo";
				PRODUCT_NAME = "$(TARGET_NAME)";
				SWIFT_VERSION = 4.2;
				TARGETED_DEVICE_FAMILY = "1,2";
			};
			name = Debug;
		};
		1A2779B220D3A9750010188C /* Release */ = {
			isa = XCBuildConfiguration;
			baseConfigurationReference = A7327BE069B4760C5107EF6A /* Pods-Todo.release.xcconfig */;
			buildSettings = {
				ASSETCATALOG_COMPILER_APPICON_NAME = AppIcon;
				CODE_SIGN_STYLE = Automatic;
				INFOPLIST_FILE = Todo/Info.plist;
				LD_RUNPATH_SEARCH_PATHS = (
					"$(inherited)",
					"@executable_path/Frameworks",
				);
				PRODUCT_BUNDLE_IDENTIFIER = "jp.objective-audio.Todo";
				PRODUCT_NAME = "$(TARGET_NAME)";
				SWIFT_VERSION = 4.2;
				TARGETED_DEVICE_FAMILY = "1,2";
			};
			name = Release;
		};
/* End XCBuildConfiguration section */

/* Begin XCConfigurationList section */
		1A27799720D3A9730010188C /* Build configuration list for PBXProject "Todo" */ = {
			isa = XCConfigurationList;
			buildConfigurations = (
				1A2779AE20D3A9750010188C /* Debug */,
				1A2779AF20D3A9750010188C /* Release */,
			);
			defaultConfigurationIsVisible = 0;
			defaultConfigurationName = Release;
		};
		1A2779B020D3A9750010188C /* Build configuration list for PBXNativeTarget "Todo" */ = {
			isa = XCConfigurationList;
			buildConfigurations = (
				1A2779B120D3A9750010188C /* Debug */,
				1A2779B220D3A9750010188C /* Release */,
			);
			defaultConfigurationIsVisible = 0;
			defaultConfigurationName = Release;
		};
/* End XCConfigurationList section */
	};
	rootObject = 1A27799420D3A9730010188C /* Project object */;
}
